
Microsoft Visual Studio Solution File, Format Version 12.00
# Visual Studio Version 16
VisualStudioVersion = 16.0.31313.79
MinimumVisualStudioVersion = 10.0.40219.1
Project("{FAE04EC0-301F-11D3-BF4B-00C04F79EFBC}") = "TreinoUri", "TreinoUri.csproj", "{F35321B5-6F99-4D2A-B305-720DE9E73E21}"
EndProject
Global
	GlobalSection(SolutionConfigurationPlatforms) = preSolution
		Debug|Any CPU = Debug|Any CPU
		Release|Any CPU = Release|Any CPU
	EndGlobalSection
	GlobalSection(ProjectConfigurationPlatforms) = postSolution
		{F35321B5-6F99-4D2A-B305-720DE9E73E21}.Debug|Any CPU.ActiveCfg = Debug|Any CPU
		{F35321B5-6F99-4D2A-B305-720DE9E73E21}.Debug|Any CPU.Build.0 = Debug|Any CPU
		{F35321B5-6F99-4D2A-B305-720DE9E73E21}.Release|Any CPU.ActiveCfg = Release|Any CPU
		{F35321B5-6F99-4D2A-B305-720DE9E73E21}.Release|Any CPU.Build.0 = Release|Any CPU
	EndGlobalSection
	GlobalSection(SolutionProperties) = preSolution
		HideSolutionNode = FALSE
	EndGlobalSection
	GlobalSection(ExtensibilityGlobals) = postSolution
		SolutionGuid = {1A58727B-77F1-44D8-AF63-AA2585C92A08}
	EndGlobalSection
EndGlobal
